
Microsoft Visual Studio Solution File, Format Version 12.00
# Visual Studio 15
VisualStudioVersion = 15.0.28307.572
MinimumVisualStudioVersion = 10.0.40219.1
Project("{FAE04EC0-301F-11D3-BF4B-00C04F79EFBC}") = "DistanceBetweenTwo3DLines", "DistanceBetweenTwo3DLines\DistanceBetweenTwo3DLines.csproj", "{7CB7101D-B6E6-4FE6-BAC7-30EF9E34A530}"
EndProject
Global
	GlobalSection(SolutionConfigurationPlatforms) = preSolution
		Debug|Any CPU = Debug|Any CPU
		Release|Any CPU = Release|Any CPU
	EndGlobalSection
	GlobalSection(ProjectConfigurationPlatforms) = postSolution
		{7CB7101D-B6E6-4FE6-BAC7-30EF9E34A530}.Debug|Any CPU.ActiveCfg = Debug|Any CPU
		{7CB7101D-B6E6-4FE6-BAC7-30EF9E34A530}.Debug|Any CPU.Build.0 = Debug|Any CPU
		{7CB7101D-B6E6-4FE6-BAC7-30EF9E34A530}.Release|Any CPU.ActiveCfg = Release|Any CPU
		{7CB7101D-B6E6-4FE6-BAC7-30EF9E34A530}.Release|Any CPU.Build.0 = Release|Any CPU
	EndGlobalSection
	GlobalSection(SolutionProperties) = preSolution
		HideSolutionNode = FALSE
	EndGlobalSection
	GlobalSection(ExtensibilityGlobals) = postSolution
		SolutionGuid = {BA0E685B-201B-4FA3-B771-92979591D092}
	EndGlobalSection
EndGlobal
