
Microsoft Visual Studio Solution File, Format Version 12.00
# Visual Studio 15
VisualStudioVersion = 15.0.28307.572
MinimumVisualStudioVersion = 10.0.40219.1
Project("{FAE04EC0-301F-11D3-BF4B-00C04F79EFBC}") = "DistanceBetweenPointAndLineIn3D", "DistanceBetweenPointAndLineIn3D\DistanceBetweenPointAndLineIn3D.csproj", "{148EF7F9-4D12-4152-9880-DAB1452F4335}"
EndProject
Global
	GlobalSection(SolutionConfigurationPlatforms) = preSolution
		Debug|Any CPU = Debug|Any CPU
		Release|Any CPU = Release|Any CPU
	EndGlobalSection
	GlobalSection(ProjectConfigurationPlatforms) = postSolution
		{148EF7F9-4D12-4152-9880-DAB1452F4335}.Debug|Any CPU.ActiveCfg = Debug|Any CPU
		{148EF7F9-4D12-4152-9880-DAB1452F4335}.Debug|Any CPU.Build.0 = Debug|Any CPU
		{148EF7F9-4D12-4152-9880-DAB1452F4335}.Release|Any CPU.ActiveCfg = Release|Any CPU
		{148EF7F9-4D12-4152-9880-DAB1452F4335}.Release|Any CPU.Build.0 = Release|Any CPU
	EndGlobalSection
	GlobalSection(SolutionProperties) = preSolution
		HideSolutionNode = FALSE
	EndGlobalSection
	GlobalSection(ExtensibilityGlobals) = postSolution
		SolutionGuid = {105958D0-1A1B-4771-B978-E5BC0403EC0C}
	EndGlobalSection
EndGlobal
