
Microsoft Visual Studio Solution File, Format Version 12.00
# Visual Studio 15
VisualStudioVersion = 15.0.28307.572
MinimumVisualStudioVersion = 10.0.40219.1
Project("{FAE04EC0-301F-11D3-BF4B-00C04F79EFBC}") = "CloseToTheArrayMaximum", "CloseToTheArrayMaximum\CloseToTheArrayMaximum.csproj", "{EFA1A7FF-05AB-471E-ADC6-233D5C958FCD}"
EndProject
Global
	GlobalSection(SolutionConfigurationPlatforms) = preSolution
		Debug|Any CPU = Debug|Any CPU
		Release|Any CPU = Release|Any CPU
	EndGlobalSection
	GlobalSection(ProjectConfigurationPlatforms) = postSolution
		{EFA1A7FF-05AB-471E-ADC6-233D5C958FCD}.Debug|Any CPU.ActiveCfg = Debug|Any CPU
		{EFA1A7FF-05AB-471E-ADC6-233D5C958FCD}.Debug|Any CPU.Build.0 = Debug|Any CPU
		{EFA1A7FF-05AB-471E-ADC6-233D5C958FCD}.Release|Any CPU.ActiveCfg = Release|Any CPU
		{EFA1A7FF-05AB-471E-ADC6-233D5C958FCD}.Release|Any CPU.Build.0 = Release|Any CPU
	EndGlobalSection
	GlobalSection(SolutionProperties) = preSolution
		HideSolutionNode = FALSE
	EndGlobalSection
	GlobalSection(ExtensibilityGlobals) = postSolution
		SolutionGuid = {EF0CF3DE-188F-4F9A-9B4F-D583086CE355}
	EndGlobalSection
EndGlobal
