
Microsoft Visual Studio Solution File, Format Version 12.00
# Visual Studio 15
VisualStudioVersion = 15.0.28307.572
MinimumVisualStudioVersion = 10.0.40219.1
Project("{FAE04EC0-301F-11D3-BF4B-00C04F79EFBC}") = "ArithmeticProgressionSum", "ArithmeticProgressionSum\ArithmeticProgressionSum.csproj", "{D2893C45-4F16-45B5-99E9-CF4BC0383AFD}"
EndProject
Global
	GlobalSection(SolutionConfigurationPlatforms) = preSolution
		Debug|Any CPU = Debug|Any CPU
		Release|Any CPU = Release|Any CPU
	EndGlobalSection
	GlobalSection(ProjectConfigurationPlatforms) = postSolution
		{D2893C45-4F16-45B5-99E9-CF4BC0383AFD}.Debug|Any CPU.ActiveCfg = Debug|Any CPU
		{D2893C45-4F16-45B5-99E9-CF4BC0383AFD}.Debug|Any CPU.Build.0 = Debug|Any CPU
		{D2893C45-4F16-45B5-99E9-CF4BC0383AFD}.Release|Any CPU.ActiveCfg = Release|Any CPU
		{D2893C45-4F16-45B5-99E9-CF4BC0383AFD}.Release|Any CPU.Build.0 = Release|Any CPU
	EndGlobalSection
	GlobalSection(SolutionProperties) = preSolution
		HideSolutionNode = FALSE
	EndGlobalSection
	GlobalSection(ExtensibilityGlobals) = postSolution
		SolutionGuid = {AFA3A8EB-B007-4D1E-A2B4-2A841CEF4A43}
	EndGlobalSection
EndGlobal
