
Microsoft Visual Studio Solution File, Format Version 12.00
# Visual Studio 15
VisualStudioVersion = 15.0.28307.572
MinimumVisualStudioVersion = 10.0.40219.1
Project("{FAE04EC0-301F-11D3-BF4B-00C04F79EFBC}") = "ItemsPossessed", "ItemsPossessed\ItemsPossessed.csproj", "{AC0896C0-9545-4625-97B9-E9C5C8E1F3FF}"
EndProject
Global
	GlobalSection(SolutionConfigurationPlatforms) = preSolution
		Debug|Any CPU = Debug|Any CPU
		Release|Any CPU = Release|Any CPU
	EndGlobalSection
	GlobalSection(ProjectConfigurationPlatforms) = postSolution
		{AC0896C0-9545-4625-97B9-E9C5C8E1F3FF}.Debug|Any CPU.ActiveCfg = Debug|Any CPU
		{AC0896C0-9545-4625-97B9-E9C5C8E1F3FF}.Debug|Any CPU.Build.0 = Debug|Any CPU
		{AC0896C0-9545-4625-97B9-E9C5C8E1F3FF}.Release|Any CPU.ActiveCfg = Release|Any CPU
		{AC0896C0-9545-4625-97B9-E9C5C8E1F3FF}.Release|Any CPU.Build.0 = Release|Any CPU
	EndGlobalSection
	GlobalSection(SolutionProperties) = preSolution
		HideSolutionNode = FALSE
	EndGlobalSection
	GlobalSection(ExtensibilityGlobals) = postSolution
		SolutionGuid = {20D6E02E-4F8F-4871-BB23-6097CFA7A8FC}
	EndGlobalSection
EndGlobal
