
Microsoft Visual Studio Solution File, Format Version 12.00
# Visual Studio 15
VisualStudioVersion = 15.0.28307.572
MinimumVisualStudioVersion = 10.0.40219.1
Project("{FAE04EC0-301F-11D3-BF4B-00C04F79EFBC}") = "LongestIncreasingSubarray", "LongestIncreasingSubarray\LongestIncreasingSubarray.csproj", "{BA9FB9DE-D711-4866-BCE4-B98D992B3D1A}"
EndProject
Global
	GlobalSection(SolutionConfigurationPlatforms) = preSolution
		Debug|Any CPU = Debug|Any CPU
		Release|Any CPU = Release|Any CPU
	EndGlobalSection
	GlobalSection(ProjectConfigurationPlatforms) = postSolution
		{BA9FB9DE-D711-4866-BCE4-B98D992B3D1A}.Debug|Any CPU.ActiveCfg = Debug|Any CPU
		{BA9FB9DE-D711-4866-BCE4-B98D992B3D1A}.Debug|Any CPU.Build.0 = Debug|Any CPU
		{BA9FB9DE-D711-4866-BCE4-B98D992B3D1A}.Release|Any CPU.ActiveCfg = Release|Any CPU
		{BA9FB9DE-D711-4866-BCE4-B98D992B3D1A}.Release|Any CPU.Build.0 = Release|Any CPU
	EndGlobalSection
	GlobalSection(SolutionProperties) = preSolution
		HideSolutionNode = FALSE
	EndGlobalSection
	GlobalSection(ExtensibilityGlobals) = postSolution
		SolutionGuid = {E11F5662-3BF9-44E3-8EA2-2ADC09485846}
	EndGlobalSection
EndGlobal
